
Microsoft Visual Studio Solution File, Format Version 12.00
# Visual Studio Version 17
VisualStudioVersion = 17.4.33122.133
MinimumVisualStudioVersion = 10.0.40219.1
Project("{FAE04EC0-301F-11D3-BF4B-00C04F79EFBC}") = "VMATTBICSIAutoPlanningHelpers", "VMATTBICSIAutoplanningHelpers\VMATTBICSIAutoPlanningHelpers.csproj", "{B3FBF7B5-9E18-43BA-B40F-144682A3956E}"
	ProjectSection(ProjectDependencies) = postProject
		{66CAAA05-0903-43DA-879A-9EF766F1B742} = {66CAAA05-0903-43DA-879A-9EF766F1B742}
	EndProjectSection
EndProject
Project("{2150E333-8FDC-42A3-9474-1A3956D46DE8}") = "_configuration", "_configuration", "{24C37300-C7B2-4BE6-80D9-27F6091E4AEF}"
	ProjectSection(SolutionItems) = preProject
		_configuration\log_configuration.ini = _configuration\log_configuration.ini
	EndProjectSection
EndProject
Project("{FAE04EC0-301F-11D3-BF4B-00C04F79EFBC}") = "OptimizationProgressWindow", "OptimizationProgressWindow\OptimizationProgressWindow.csproj", "{66CAAA05-0903-43DA-879A-9EF766F1B742}"
EndProject
Project("{FAE04EC0-301F-11D3-BF4B-00C04F79EFBC}") = "VMATTBIAutoPlanMT", "VMATTBIAutoPlanMT\VMATTBIAutoPlanMT.csproj", "{67E25E0B-FF2C-4AB6-9B8F-7E61AEC78A72}"
	ProjectSection(ProjectDependencies) = postProject
		{B3FBF7B5-9E18-43BA-B40F-144682A3956E} = {B3FBF7B5-9E18-43BA-B40F-144682A3956E}
	EndProjectSection
EndProject
Project("{FAE04EC0-301F-11D3-BF4B-00C04F79EFBC}") = "Launcher", "Launcher\Launcher.csproj", "{CF625200-AECB-4F35-A3EC-34FE466966E6}"
EndProject
Project("{FAE04EC0-301F-11D3-BF4B-00C04F79EFBC}") = "VMATCSIAutoPlanMT", "VMATCSIAutoPlanMT\VMATCSIAutoPlanMT.csproj", "{D708CC35-888E-4FE5-B9C6-B858B9BA0015}"
EndProject
Project("{FAE04EC0-301F-11D3-BF4B-00C04F79EFBC}") = "VMATTBICSIOptLoopMT", "VMATTBICSIOptLoopMT\VMATTBICSIOptLoopMT.csproj", "{0D8218FD-0F0D-4370-8402-4A8730032EFF}"
EndProject
Project("{FAE04EC0-301F-11D3-BF4B-00C04F79EFBC}") = "ImportListener", "ImportListener\ImportListener.csproj", "{5042CFF4-08AF-4323-83E7-059FBEBE5B61}"
EndProject
Project("{FAE04EC0-301F-11D3-BF4B-00C04F79EFBC}") = "VMATTBICSIAutoPlanningHelpersTests", "VMATTBICSIAutoPlanningHelpersTests\VMATTBICSIAutoPlanningHelpersTests.csproj", "{683DF748-F200-4F90-8343-57920E92EEFD}"
EndProject
Project("{FAE04EC0-301F-11D3-BF4B-00C04F79EFBC}") = "VMATTBICSIOptLoopMTTests", "VMATTBICSIOptLoopMTTests\VMATTBICSIOptLoopMTTests.csproj", "{22BFFEFD-0469-40B6-B578-11B66C92C6D0}"
EndProject
Project("{2150E333-8FDC-42A3-9474-1A3956D46DE8}") = "_documentation", "_documentation", "{F90C1943-BCDD-4598-AC43-2406FD2668E2}"
	ProjectSection(SolutionItems) = preProject
		_documentation\VMAT-CSI_PrepScript_QuickStartGuide.pdf = _documentation\VMAT-CSI_PrepScript_QuickStartGuide.pdf
		_documentation\VMAT-TBI-CSI_OptLoop_Guide.pdf = _documentation\VMAT-TBI-CSI_OptLoop_Guide.pdf
		_documentation\VMAT-TBI-CSI_OptLoop_QuickStartGuide.pdf = _documentation\VMAT-TBI-CSI_OptLoop_QuickStartGuide.pdf
	EndProjectSection
EndProject
Global
	GlobalSection(SolutionConfigurationPlatforms) = preSolution
		Debug|Any CPU = Debug|Any CPU
		Debug|x64 = Debug|x64
		Release|Any CPU = Release|Any CPU
		Release|x64 = Release|x64
	EndGlobalSection
	GlobalSection(ProjectConfigurationPlatforms) = postSolution
		{B3FBF7B5-9E18-43BA-B40F-144682A3956E}.Debug|Any CPU.ActiveCfg = Debug|x64
		{B3FBF7B5-9E18-43BA-B40F-144682A3956E}.Debug|Any CPU.Build.0 = Debug|x64
		{B3FBF7B5-9E18-43BA-B40F-144682A3956E}.Debug|x64.ActiveCfg = Debug|x64
		{B3FBF7B5-9E18-43BA-B40F-144682A3956E}.Debug|x64.Build.0 = Debug|x64
		{B3FBF7B5-9E18-43BA-B40F-144682A3956E}.Release|Any CPU.ActiveCfg = Release|Any CPU
		{B3FBF7B5-9E18-43BA-B40F-144682A3956E}.Release|Any CPU.Build.0 = Release|Any CPU
		{B3FBF7B5-9E18-43BA-B40F-144682A3956E}.Release|x64.ActiveCfg = Release|Any CPU
		{B3FBF7B5-9E18-43BA-B40F-144682A3956E}.Release|x64.Build.0 = Release|Any CPU
		{66CAAA05-0903-43DA-879A-9EF766F1B742}.Debug|Any CPU.ActiveCfg = Debug|x64
		{66CAAA05-0903-43DA-879A-9EF766F1B742}.Debug|Any CPU.Build.0 = Debug|x64
		{66CAAA05-0903-43DA-879A-9EF766F1B742}.Debug|x64.ActiveCfg = Debug|x64
		{66CAAA05-0903-43DA-879A-9EF766F1B742}.Debug|x64.Build.0 = Debug|x64
		{66CAAA05-0903-43DA-879A-9EF766F1B742}.Release|Any CPU.ActiveCfg = Release|Any CPU
		{66CAAA05-0903-43DA-879A-9EF766F1B742}.Release|Any CPU.Build.0 = Release|Any CPU
		{66CAAA05-0903-43DA-879A-9EF766F1B742}.Release|x64.ActiveCfg = Release|Any CPU
		{66CAAA05-0903-43DA-879A-9EF766F1B742}.Release|x64.Build.0 = Release|Any CPU
		{67E25E0B-FF2C-4AB6-9B8F-7E61AEC78A72}.Debug|Any CPU.ActiveCfg = Debug|x64
		{67E25E0B-FF2C-4AB6-9B8F-7E61AEC78A72}.Debug|Any CPU.Build.0 = Debug|x64
		{67E25E0B-FF2C-4AB6-9B8F-7E61AEC78A72}.Debug|x64.ActiveCfg = Debug|x64
		{67E25E0B-FF2C-4AB6-9B8F-7E61AEC78A72}.Debug|x64.Build.0 = Debug|x64
		{67E25E0B-FF2C-4AB6-9B8F-7E61AEC78A72}.Release|Any CPU.ActiveCfg = Release|Any CPU
		{67E25E0B-FF2C-4AB6-9B8F-7E61AEC78A72}.Release|Any CPU.Build.0 = Release|Any CPU
		{67E25E0B-FF2C-4AB6-9B8F-7E61AEC78A72}.Release|x64.ActiveCfg = Release|Any CPU
		{67E25E0B-FF2C-4AB6-9B8F-7E61AEC78A72}.Release|x64.Build.0 = Release|Any CPU
		{CF625200-AECB-4F35-A3EC-34FE466966E6}.Debug|Any CPU.ActiveCfg = Debug|x64
		{CF625200-AECB-4F35-A3EC-34FE466966E6}.Debug|Any CPU.Build.0 = Debug|x64
		{CF625200-AECB-4F35-A3EC-34FE466966E6}.Debug|x64.ActiveCfg = Debug|x64
		{CF625200-AECB-4F35-A3EC-34FE466966E6}.Debug|x64.Build.0 = Debug|x64
		{CF625200-AECB-4F35-A3EC-34FE466966E6}.Release|Any CPU.ActiveCfg = Release|Any CPU
		{CF625200-AECB-4F35-A3EC-34FE466966E6}.Release|Any CPU.Build.0 = Release|Any CPU
		{CF625200-AECB-4F35-A3EC-34FE466966E6}.Release|x64.ActiveCfg = Release|Any CPU
		{CF625200-AECB-4F35-A3EC-34FE466966E6}.Release|x64.Build.0 = Release|Any CPU
		{D708CC35-888E-4FE5-B9C6-B858B9BA0015}.Debug|Any CPU.ActiveCfg = Debug|x64
		{D708CC35-888E-4FE5-B9C6-B858B9BA0015}.Debug|Any CPU.Build.0 = Debug|x64
		{D708CC35-888E-4FE5-B9C6-B858B9BA0015}.Debug|x64.ActiveCfg = Debug|x64
		{D708CC35-888E-4FE5-B9C6-B858B9BA0015}.Debug|x64.Build.0 = Debug|x64
		{D708CC35-888E-4FE5-B9C6-B858B9BA0015}.Release|Any CPU.ActiveCfg = Release|Any CPU
		{D708CC35-888E-4FE5-B9C6-B858B9BA0015}.Release|Any CPU.Build.0 = Release|Any CPU
		{D708CC35-888E-4FE5-B9C6-B858B9BA0015}.Release|x64.ActiveCfg = Release|Any CPU
		{D708CC35-888E-4FE5-B9C6-B858B9BA0015}.Release|x64.Build.0 = Release|Any CPU
		{0D8218FD-0F0D-4370-8402-4A8730032EFF}.Debug|Any CPU.ActiveCfg = Debug|x64
		{0D8218FD-0F0D-4370-8402-4A8730032EFF}.Debug|Any CPU.Build.0 = Debug|x64
		{0D8218FD-0F0D-4370-8402-4A8730032EFF}.Debug|x64.ActiveCfg = Debug|x64
		{0D8218FD-0F0D-4370-8402-4A8730032EFF}.Debug|x64.Build.0 = Debug|x64
		{0D8218FD-0F0D-4370-8402-4A8730032EFF}.Release|Any CPU.ActiveCfg = Release|Any CPU
		{0D8218FD-0F0D-4370-8402-4A8730032EFF}.Release|Any CPU.Build.0 = Release|Any CPU
		{0D8218FD-0F0D-4370-8402-4A8730032EFF}.Release|x64.ActiveCfg = Release|x64
		{0D8218FD-0F0D-4370-8402-4A8730032EFF}.Release|x64.Build.0 = Release|x64
		{5042CFF4-08AF-4323-83E7-059FBEBE5B61}.Debug|Any CPU.ActiveCfg = Debug|x64
		{5042CFF4-08AF-4323-83E7-059FBEBE5B61}.Debug|Any CPU.Build.0 = Debug|x64
		{5042CFF4-08AF-4323-83E7-059FBEBE5B61}.Debug|x64.ActiveCfg = Debug|x64
		{5042CFF4-08AF-4323-83E7-059FBEBE5B61}.Debug|x64.Build.0 = Debug|x64
		{5042CFF4-08AF-4323-83E7-059FBEBE5B61}.Release|Any CPU.ActiveCfg = Release|Any CPU
		{5042CFF4-08AF-4323-83E7-059FBEBE5B61}.Release|Any CPU.Build.0 = Release|Any CPU
		{5042CFF4-08AF-4323-83E7-059FBEBE5B61}.Release|x64.ActiveCfg = Release|Any CPU
		{5042CFF4-08AF-4323-83E7-059FBEBE5B61}.Release|x64.Build.0 = Release|Any CPU
		{683DF748-F200-4F90-8343-57920E92EEFD}.Debug|Any CPU.ActiveCfg = Debug|x64
		{683DF748-F200-4F90-8343-57920E92EEFD}.Debug|Any CPU.Build.0 = Debug|x64
		{683DF748-F200-4F90-8343-57920E92EEFD}.Debug|x64.ActiveCfg = Debug|x64
		{683DF748-F200-4F90-8343-57920E92EEFD}.Debug|x64.Build.0 = Debug|x64
		{683DF748-F200-4F90-8343-57920E92EEFD}.Release|Any CPU.ActiveCfg = Release|Any CPU
		{683DF748-F200-4F90-8343-57920E92EEFD}.Release|Any CPU.Build.0 = Release|Any CPU
		{683DF748-F200-4F90-8343-57920E92EEFD}.Release|x64.ActiveCfg = Release|x64
		{683DF748-F200-4F90-8343-57920E92EEFD}.Release|x64.Build.0 = Release|x64
		{22BFFEFD-0469-40B6-B578-11B66C92C6D0}.Debug|Any CPU.ActiveCfg = Debug|Any CPU
		{22BFFEFD-0469-40B6-B578-11B66C92C6D0}.Debug|Any CPU.Build.0 = Debug|Any CPU
		{22BFFEFD-0469-40B6-B578-11B66C92C6D0}.Debug|x64.ActiveCfg = Debug|Any CPU
		{22BFFEFD-0469-40B6-B578-11B66C92C6D0}.Debug|x64.Build.0 = Debug|Any CPU
		{22BFFEFD-0469-40B6-B578-11B66C92C6D0}.Release|Any CPU.ActiveCfg = Release|Any CPU
		{22BFFEFD-0469-40B6-B578-11B66C92C6D0}.Release|Any CPU.Build.0 = Release|Any CPU
		{22BFFEFD-0469-40B6-B578-11B66C92C6D0}.Release|x64.ActiveCfg = Release|Any CPU
		{22BFFEFD-0469-40B6-B578-11B66C92C6D0}.Release|x64.Build.0 = Release|Any CPU
	EndGlobalSection
	GlobalSection(SolutionProperties) = preSolution
		HideSolutionNode = FALSE
	EndGlobalSection
	GlobalSection(ExtensibilityGlobals) = postSolution
		SolutionGuid = {9AB14FFC-193B-4A52-B6D8-B74C083F6E7D}
	EndGlobalSection
EndGlobal
