
Microsoft Visual Studio Solution File, Format Version 12.00
# Visual Studio Version 16
VisualStudioVersion = 16.0.31624.102
MinimumVisualStudioVersion = 10.0.40219.1
Project("{FAE04EC0-301F-11D3-BF4B-00C04F79EFBC}") = "launchVMATTBICSIAutoPlan", "launchVMATTBICSIAutoPlan\launchVMATTBICSIAutoPlan.csproj", "{E6433C59-2FAB-423E-9732-A2F5AD8E61F6}"
EndProject
Project("{FAE04EC0-301F-11D3-BF4B-00C04F79EFBC}") = "VMATTBIAutoPlanMT", "VMATTBIAutoPlanMT\VMATTBIAutoPlanMT.csproj", "{D708CC35-888E-4FE5-B9C6-B858B9BA0015}"
EndProject
Project("{FAE04EC0-301F-11D3-BF4B-00C04F79EFBC}") = "VMATTBI_optLoopMT", "VMATTBI_optLoopMT\VMATTBI_optLoopMT.csproj", "{2E5514A6-DC98-4BCA-B171-CD6A6CDCE460}"
EndProject
Project("{FAE04EC0-301F-11D3-BF4B-00C04F79EFBC}") = "VMATCSIAutoPlanMT", "VMATCSIAutoPlanMT\VMATCSIAutoPlanMT.csproj", "{AE7CAE97-BCB4-4E7A-A3C2-9A83CA9B6128}"
EndProject
Global
	GlobalSection(SolutionConfigurationPlatforms) = preSolution
		Debug|Any CPU = Debug|Any CPU
		Debug|x64 = Debug|x64
		Release|Any CPU = Release|Any CPU
		Release|x64 = Release|x64
	EndGlobalSection
	GlobalSection(ProjectConfigurationPlatforms) = postSolution
		{E6433C59-2FAB-423E-9732-A2F5AD8E61F6}.Debug|Any CPU.ActiveCfg = Debug|Any CPU
		{E6433C59-2FAB-423E-9732-A2F5AD8E61F6}.Debug|Any CPU.Build.0 = Debug|Any CPU
		{E6433C59-2FAB-423E-9732-A2F5AD8E61F6}.Debug|x64.ActiveCfg = Debug|Any CPU
		{E6433C59-2FAB-423E-9732-A2F5AD8E61F6}.Debug|x64.Build.0 = Debug|Any CPU
		{E6433C59-2FAB-423E-9732-A2F5AD8E61F6}.Release|Any CPU.ActiveCfg = Release|Any CPU
		{E6433C59-2FAB-423E-9732-A2F5AD8E61F6}.Release|Any CPU.Build.0 = Release|Any CPU
		{E6433C59-2FAB-423E-9732-A2F5AD8E61F6}.Release|x64.ActiveCfg = Release|Any CPU
		{E6433C59-2FAB-423E-9732-A2F5AD8E61F6}.Release|x64.Build.0 = Release|Any CPU
		{D708CC35-888E-4FE5-B9C6-B858B9BA0015}.Debug|Any CPU.ActiveCfg = Debug|Any CPU
		{D708CC35-888E-4FE5-B9C6-B858B9BA0015}.Debug|Any CPU.Build.0 = Debug|Any CPU
		{D708CC35-888E-4FE5-B9C6-B858B9BA0015}.Debug|x64.ActiveCfg = Debug|Any CPU
		{D708CC35-888E-4FE5-B9C6-B858B9BA0015}.Debug|x64.Build.0 = Debug|Any CPU
		{D708CC35-888E-4FE5-B9C6-B858B9BA0015}.Release|Any CPU.ActiveCfg = Release|Any CPU
		{D708CC35-888E-4FE5-B9C6-B858B9BA0015}.Release|Any CPU.Build.0 = Release|Any CPU
		{D708CC35-888E-4FE5-B9C6-B858B9BA0015}.Release|x64.ActiveCfg = Release|Any CPU
		{D708CC35-888E-4FE5-B9C6-B858B9BA0015}.Release|x64.Build.0 = Release|Any CPU
		{2E5514A6-DC98-4BCA-B171-CD6A6CDCE460}.Debug|Any CPU.ActiveCfg = Debug|Any CPU
		{2E5514A6-DC98-4BCA-B171-CD6A6CDCE460}.Debug|Any CPU.Build.0 = Debug|Any CPU
		{2E5514A6-DC98-4BCA-B171-CD6A6CDCE460}.Debug|x64.ActiveCfg = Debug|x64
		{2E5514A6-DC98-4BCA-B171-CD6A6CDCE460}.Debug|x64.Build.0 = Debug|x64
		{2E5514A6-DC98-4BCA-B171-CD6A6CDCE460}.Release|Any CPU.ActiveCfg = Release|Any CPU
		{2E5514A6-DC98-4BCA-B171-CD6A6CDCE460}.Release|Any CPU.Build.0 = Release|Any CPU
		{2E5514A6-DC98-4BCA-B171-CD6A6CDCE460}.Release|x64.ActiveCfg = Release|x64
		{2E5514A6-DC98-4BCA-B171-CD6A6CDCE460}.Release|x64.Build.0 = Release|x64
		{AE7CAE97-BCB4-4E7A-A3C2-9A83CA9B6128}.Debug|Any CPU.ActiveCfg = Debug|Any CPU
		{AE7CAE97-BCB4-4E7A-A3C2-9A83CA9B6128}.Debug|Any CPU.Build.0 = Debug|Any CPU
		{AE7CAE97-BCB4-4E7A-A3C2-9A83CA9B6128}.Debug|x64.ActiveCfg = Debug|Any CPU
		{AE7CAE97-BCB4-4E7A-A3C2-9A83CA9B6128}.Debug|x64.Build.0 = Debug|Any CPU
		{AE7CAE97-BCB4-4E7A-A3C2-9A83CA9B6128}.Release|Any CPU.ActiveCfg = Release|Any CPU
		{AE7CAE97-BCB4-4E7A-A3C2-9A83CA9B6128}.Release|Any CPU.Build.0 = Release|Any CPU
		{AE7CAE97-BCB4-4E7A-A3C2-9A83CA9B6128}.Release|x64.ActiveCfg = Release|Any CPU
		{AE7CAE97-BCB4-4E7A-A3C2-9A83CA9B6128}.Release|x64.Build.0 = Release|Any CPU
	EndGlobalSection
	GlobalSection(SolutionProperties) = preSolution
		HideSolutionNode = FALSE
	EndGlobalSection
	GlobalSection(ExtensibilityGlobals) = postSolution
		SolutionGuid = {9AB14FFC-193B-4A52-B6D8-B74C083F6E7D}
	EndGlobalSection
EndGlobal
